{
    "_readme": [
        "This file locks the dependencies of your project to a known state",
        "Read more about it at http://getcomposer.org/doc/01-basic-usage.md#composer-lock-the-lock-file"
    ],
    "hash": "83fbfd387d9ede9662af03b21e48c831",
    "packages": [
        {
            "name": "johnwohlers/sip2",
            "version": "dev-master",
            "dist": {
                "type": "file",
                "url": "https://php-sip2.googlecode.com/svn/trunk/sip2.class.php",
                "reference": null,
                "shasum": null
            },
            "type": "library",
            "autoload": {
                "classmap": [
                    "/"
                ]
            }
        },
        {
            "name": "mobileesp/mdetect",
            "version": "dev-master",
            "dist": {
                "type": "file",
                "url": "http://mobileesp.googlecode.com/svn/PHP/mdetect.php",
                "reference": null,
                "shasum": null
            },
            "type": "library",
            "autoload": {
                "classmap": [
                    "/"
                ]
            }
        },
        {
            "name": "pear-pear.php.net/Archive_Tar",
            "version": "1.3.11",
            "dist": {
                "type": "file",
                "url": "http://pear.php.net/get/Archive_Tar-1.3.11.tgz",
                "reference": null,
                "shasum": null
            },
            "require": {
                "php": ">=4.3.0.0"
            },
            "replace": {
                "pear-pear/archive_tar": "== 1.3.11.0"
            },
            "type": "pear-library",
            "autoload": {
                "classmap": [
                    ""
                ]
            },
            "include-path": [
                "/"
            ],
            "description": "This class provides handling of tar files in PHP.\nIt supports creating, listing, extracting and adding to tar files.\nGzip support is available if PHP has the zlib extension built-in or\nloaded. Bz2 compression is also supported with the bz2 extension loaded."
        },
        {
            "name": "pear-pear.php.net/Console_Getopt",
            "version": "1.3.1",
            "dist": {
                "type": "file",
                "url": "http://pear.php.net/get/Console_Getopt-1.3.1.tgz",
                "reference": null,
                "shasum": null
            },
            "require": {
                "php": ">=4.3.0.0"
            },
            "replace": {
                "pear-pear/console_getopt": "== 1.3.1.0"
            },
            "type": "pear-library",
            "autoload": {
                "classmap": [
                    ""
                ]
            },
            "include-path": [
                "/"
            ],
            "description": "This is a PHP implementation of &quot;getopt&quot; supporting both\nshort and long options."
        },
        {
            "name": "pear-pear.php.net/File_MARC",
            "version": "0.7.1",
            "dist": {
                "type": "file",
                "url": "http://pear.php.net/get/File_MARC-0.7.1.tgz",
                "reference": null,
                "shasum": null
            },
            "require": {
                "pear-pear.php.net/structures_linkedlist": "*",
                "php": ">=5.2.0.0"
            },
            "replace": {
                "pear-pear/file_marc": "== 0.7.1.0"
            },
            "type": "pear-library",
            "autoload": {
                "classmap": [
                    ""
                ]
            },
            "include-path": [
                "/"
            ],
            "description": "The standard for machine-readable cataloging (MARC) records is documented at http://loc.gov/marc/. This package enables you to read existing MARC records from a file, string, or (using the YAZ extension), from a Z39.50 source. You can also use this package to create new MARC records.\n\nThis package is based on the PHP MARC package, originally called &quot;php-marc&quot;, that is part of the Emilda Project (http://www.emilda.org).  Christoffer Landtman generously agreed to make the &quot;php-marc&quot; code available under the GNU LGPL so it could be used as the basis of this PEAR package."
        },
        {
            "name": "pear-pear.php.net/PEAR",
            "version": "1.9.4",
            "dist": {
                "type": "file",
                "url": "http://pear.php.net/get/PEAR-1.9.4.tgz",
                "reference": null,
                "shasum": null
            },
            "require": {
                "ext-pcre": "*",
                "ext-xml": "*",
                "pear-pear.php.net/archive_tar": ">=1.3.7.0",
                "pear-pear.php.net/console_getopt": ">=1.2.0.0",
                "pear-pear.php.net/structures_graph": ">=1.0.2.0",
                "pear-pear.php.net/xml_util": ">=1.2.0.0",
                "php": ">=4.4.0.0,!=5.0.0.0,!=5.1.0.0,!=5.1.1.0,!=5.1.2.0,!=5.1.3.0,!=5.1.4.0,!=5.1.5.0"
            },
            "conflict": {
                "pear-pear.php.net/pear_frontend_gtk": "<0.4.0.0",
                "pear-pear.php.net/pear_frontend_web": "<=0.4.0.0"
            },
            "replace": {
                "pear-pear/pear": "== 1.9.4.0"
            },
            "type": "pear-library",
            "autoload": {
                "classmap": [
                    ""
                ]
            },
            "include-path": [
                "/"
            ],
            "description": "The PEAR package contains:\n * the PEAR installer, for creating, distributing\n   and installing packages\n * the PEAR_Exception PHP5 error handling mechanism\n * the PEAR_ErrorStack advanced error handling mechanism\n * the PEAR_Error error handling mechanism\n * the OS_Guess class for retrieving info about the OS\n   where PHP is running on\n * the System class for quick handling of common operations\n   with files and directories\n * the PEAR base class\n  Features in a nutshell:\n  * full support for channels\n  * pre-download dependency validation\n  * new package.xml 2.0 format allows tremendous flexibility while maintaining BC\n  * support for optional dependency groups and limited support for sub-packaging\n  * robust dependency support\n  * full dependency validation on uninstall\n  * remote install for hosts with only ftp access - no more problems with\n    restricted host installation\n  * full support for mirroring\n  * support for bundling several packages into a single tarball\n  * support for static dependencies on a url-based package\n  * support for custom file roles and installation tasks"
        },
        {
            "name": "pear-pear.php.net/Structures_Graph",
            "version": "1.0.4",
            "dist": {
                "type": "file",
                "url": "http://pear.php.net/get/Structures_Graph-1.0.4.tgz",
                "reference": null,
                "shasum": null
            },
            "require": {
                "php": ">=4.2.0.0"
            },
            "replace": {
                "pear-pear/structures_graph": "== 1.0.4.0"
            },
            "type": "pear-library",
            "autoload": {
                "classmap": [
                    ""
                ]
            },
            "include-path": [
                "/"
            ],
            "description": "Structures_Graph is a package for creating and manipulating graph datastructures. It allows building of directed\nand undirected graphs, with data and metadata stored in nodes. The library provides functions for graph traversing\nas well as for characteristic extraction from the graph topology."
        },
        {
            "name": "pear-pear.php.net/Structures_LinkedList",
            "version": "0.2.2",
            "dist": {
                "type": "file",
                "url": "http://pear.php.net/get/Structures_LinkedList-0.2.2.tgz",
                "reference": null,
                "shasum": null
            },
            "require": {
                "php": ">=5.0.0.0"
            },
            "replace": {
                "pear-pear/structures_linkedlist": "== 0.2.2.0"
            },
            "type": "pear-library",
            "autoload": {
                "classmap": [
                    ""
                ]
            },
            "include-path": [
                "/"
            ],
            "description": "A singly-linked list offers the ability to insert or delete\n nodes at any point within the list. A doubly-linked list also offers the\n ability to request previous nodes in the list."
        },
        {
            "name": "pear-pear.php.net/Validate",
            "version": "0.8.5",
            "dist": {
                "type": "file",
                "url": "http://pear.php.net/get/Validate-0.8.5.tgz",
                "reference": null,
                "shasum": null
            },
            "require": {
                "php": ">=4.2.0.0"
            },
            "replace": {
                "pear-pear/validate": "== 0.8.5.0"
            },
            "type": "pear-library",
            "autoload": {
                "classmap": [
                    ""
                ]
            },
            "include-path": [
                "/"
            ],
            "description": "Package to validate various datas. It includes :\n    - numbers (min/max, decimal or not)\n    - email (syntax, domain check, rfc822)\n    - string (predifined type alpha upper and/or lowercase, numeric,...)\n    - date (min, max, rfc822 compliant)\n    - uri (RFC2396)\n    - possibility valid multiple data with a single method call (::multiple)"
        },
        {
            "name": "pear-pear.php.net/Validate_ISPN",
            "version": "0.6.1",
            "dist": {
                "type": "file",
                "url": "http://pear.php.net/get/Validate_ISPN-0.6.1.tgz",
                "reference": null,
                "shasum": null
            },
            "require": {
                "pear-pear.php.net/validate": ">=0.5.0.0",
                "php": ">=4.1.0.0"
            },
            "replace": {
                "pear-pear/validate_ispn": "== 0.6.1.0"
            },
            "type": "pear-library",
            "autoload": {
                "classmap": [
                    ""
                ]
            },
            "include-path": [
                "/"
            ],
            "description": "Package containes ISPN (International Standard Product Numbers) validations such as:\n * ISSN\n * ISBN\n * ISMN\n * ISRC (International Standard Recording Code)\n * EAN8\n * EAN13\n * EAN14\n * UCC12\n * SSCC"
        },
        {
            "name": "pear-pear.php.net/XML_Util",
            "version": "1.2.1",
            "dist": {
                "type": "file",
                "url": "http://pear.php.net/get/XML_Util-1.2.1.tgz",
                "reference": null,
                "shasum": null
            },
            "require": {
                "ext-pcre": "*",
                "php": ">=4.3.0.0"
            },
            "replace": {
                "pear-pear/xml_util": "== 1.2.1.0"
            },
            "type": "pear-library",
            "autoload": {
                "classmap": [
                    ""
                ]
            },
            "include-path": [
                "/"
            ],
            "description": "Selection of methods that are often needed when working with XML documents.  Functionality includes creating of attribute lists from arrays, creation of tags, validation of XML names and more."
        },
        {
            "name": "serialssolutions/summon",
            "version": "dev-master",
            "source": {
                "type": "git",
                "url": "https://github.com/summon/Summon.php.git",
                "reference": "e660100499afa047ba8d83c065df1c489fa1d87e"
            },
            "dist": {
                "type": "zip",
                "url": "https://api.github.com/repos/summon/Summon.php/zipball/e660100499afa047ba8d83c065df1c489fa1d87e",
                "reference": "e660100499afa047ba8d83c065df1c489fa1d87e",
                "shasum": ""
            },
            "type": "library",
            "autoload": {
                "psr-0": {
                    "SerialsSolutions": ""
                }
            },
            "license": [
                "GPL-2.0"
            ],
            "authors": [
                {
                    "name": "Demian Katz",
                    "email": "demian.katz@villanova.edu"
                }
            ],
            "description": "Library for interacting with Serials Solutions' Summon API.",
            "support": {
                "source": "https://github.com/summon/Summon.php/tree/master"
            },
            "time": "2013-05-22 14:23:13"
        },
        {
            "name": "symfony/yaml",
            "version": "v2.3.1",
            "target-dir": "Symfony/Component/Yaml",
            "source": {
                "type": "git",
                "url": "https://github.com/symfony/Yaml.git",
                "reference": "v2.3.1"
            },
            "dist": {
                "type": "zip",
                "url": "https://api.github.com/repos/symfony/Yaml/zipball/v2.3.1",
                "reference": "v2.3.1",
                "shasum": ""
            },
            "require": {
                "php": ">=5.3.3"
            },
            "type": "library",
            "extra": {
                "branch-alias": {
                    "dev-master": "2.3-dev"
                }
            },
            "autoload": {
                "psr-0": {
                    "Symfony\\Component\\Yaml\\": ""
                }
            },
            "notification-url": "https://packagist.org/downloads/",
            "license": [
                "MIT"
            ],
            "authors": [
                {
                    "name": "Fabien Potencier",
                    "email": "fabien@symfony.com"
                },
                {
                    "name": "Symfony Community",
                    "homepage": "http://symfony.com/contributors"
                }
            ],
            "description": "Symfony Yaml Component",
            "homepage": "http://symfony.com",
            "time": "2013-05-10 18:12:13"
        },
        {
            "name": "zendframework/zendframework",
            "version": "2.2.1",
            "source": {
                "type": "git",
                "url": "https://github.com/zendframework/zf2.git",
                "reference": "release-2.2.1"
            },
            "dist": {
                "type": "zip",
                "url": "https://packages.zendframework.com/composer/zendframework-zendframework-2.2.1-release-2.2.1-8597ab.zip",
                "reference": "2.2.1",
                "shasum": "f8419ea13b7f3f1195b625fa789688b47efe8778"
            },
            "require": {
                "php": ">=5.3.3"
            },
            "replace": {
                "zendframework/zend-authentication": "self.version",
                "zendframework/zend-barcode": "self.version",
                "zendframework/zend-cache": "self.version",
                "zendframework/zend-captcha": "self.version",
                "zendframework/zend-code": "self.version",
                "zendframework/zend-config": "self.version",
                "zendframework/zend-console": "self.version",
                "zendframework/zend-crypt": "self.version",
                "zendframework/zend-db": "self.version",
                "zendframework/zend-debug": "self.version",
                "zendframework/zend-di": "self.version",
                "zendframework/zend-dom": "self.version",
                "zendframework/zend-escaper": "self.version",
                "zendframework/zend-eventmanager": "self.version",
                "zendframework/zend-feed": "self.version",
                "zendframework/zend-file": "self.version",
                "zendframework/zend-filter": "self.version",
                "zendframework/zend-form": "self.version",
                "zendframework/zend-http": "self.version",
                "zendframework/zend-i18n": "self.version",
                "zendframework/zend-inputfilter": "self.version",
                "zendframework/zend-json": "self.version",
                "zendframework/zend-ldap": "self.version",
                "zendframework/zend-loader": "self.version",
                "zendframework/zend-log": "self.version",
                "zendframework/zend-mail": "self.version",
                "zendframework/zend-math": "self.version",
                "zendframework/zend-memory": "self.version",
                "zendframework/zend-mime": "self.version",
                "zendframework/zend-modulemanager": "self.version",
                "zendframework/zend-mvc": "self.version",
                "zendframework/zend-navigation": "self.version",
                "zendframework/zend-paginator": "self.version",
                "zendframework/zend-permissions-acl": "self.version",
                "zendframework/zend-permissions-rbac": "self.version",
                "zendframework/zend-progressbar": "self.version",
                "zendframework/zend-serializer": "self.version",
                "zendframework/zend-server": "self.version",
                "zendframework/zend-servicemanager": "self.version",
                "zendframework/zend-session": "self.version",
                "zendframework/zend-soap": "self.version",
                "zendframework/zend-stdlib": "self.version",
                "zendframework/zend-tag": "self.version",
                "zendframework/zend-test": "self.version",
                "zendframework/zend-text": "self.version",
                "zendframework/zend-uri": "self.version",
                "zendframework/zend-validator": "self.version",
                "zendframework/zend-version": "self.version",
                "zendframework/zend-view": "self.version",
                "zendframework/zend-xmlrpc": "self.version"
            },
            "require-dev": {
                "doctrine/annotations": ">=1.0",
                "ircmaxell/random-lib": "dev-master",
                "ircmaxell/security-lib": "dev-master",
                "ocramius/proxy-manager": "0.3.*",
                "phpunit/phpunit": "3.7.*"
            },
            "suggest": {
                "doctrine/annotations": "Doctrine Annotations >=1.0 for annotation features",
                "ext-intl": "ext/intl for i18n features (included in default builds of PHP)",
                "ircmaxell/random-lib": "Fallback random byte generator for Zend\\Math\\Rand if OpenSSL/Mcrypt extensions are unavailable",
                "ocramius/proxy-manager": "ProxyManager to handle lazy initialization of services",
                "zendframework/zendpdf": "ZendPdf for creating PDF representations of barcodes",
                "zendframework/zendservice-recaptcha": "ZendService\\ReCaptcha for rendering ReCaptchas in Zend\\Captcha and/or Zend\\Form"
            },
            "bin": [
                "bin/classmap_generator.php"
            ],
            "type": "library",
            "extra": {
                "branch-alias": {
                    "dev-master": "2.2-dev",
                    "dev-develop": "2.3-dev"
                }
            },
            "autoload": {
                "psr-0": {
                    "Zend\\": "library/",
                    "ZendTest\\": "tests/"
                }
            },
            "license": [
                "BSD-3-Clause"
            ],
            "description": "Zend Framework 2",
            "homepage": "http://framework.zend.com/",
            "keywords": [
                "framework",
                "zf2"
            ],
            "support": {
                "source": "https://github.com/zendframework/zf2/tree/release-2.2.1",
                "issues": "https://github.com/zendframework/zf2/issues"
            },
            "time": "2013-06-12 20:13:34"
        },
        {
            "name": "zendframework/zendrest",
            "version": "2.0.1",
            "source": {
                "type": "git",
                "url": "https://github.com/zendframework/ZendRest.git",
                "reference": "release-2.0.1"
            },
            "dist": {
                "type": "zip",
                "url": "https://packages.zendframework.com/composer/zendframework-zendrest-2.0.1-release-2.0.1-97c8b5.zip",
                "reference": "2.0.1",
                "shasum": "e5c2ae15280bfbfb090601752dcb1f193d8617f8"
            },
            "require": {
                "php": ">=5.3.3",
                "zendframework/zend-http": ">=2.0.0",
                "zendframework/zend-uri": ">=2.0.0"
            },
            "type": "library",
            "extra": {
                "branch-alias": {
                    "dev-master": "2.0.x-dev"
                }
            },
            "autoload": {
                "psr-0": {
                    "ZendRest": "library/"
                }
            },
            "license": [
                "BSD-3-Clause"
            ],
            "description": " ",
            "homepage": "http://packages.zendframework.com/",
            "keywords": [
                "rest",
                "zf2"
            ],
            "support": {
                "source": "https://github.com/zendframework/ZendRest/tree/release-2.0.1",
                "issues": "https://github.com/zendframework/ZendRest/issues"
            },
            "time": "2012-09-24 15:17:53"
        },
        {
            "name": "zendframework/zendservice-amazon",
            "version": "2.0.2",
            "source": {
                "type": "git",
                "url": "https://github.com/zendframework/ZendService_Amazon.git",
                "reference": "release-2.0.2"
            },
            "dist": {
                "type": "zip",
                "url": "https://packages.zendframework.com/composer/zendframework-zendservice-amazon-2.0.2-release-2.0.2-91b73f.zip",
                "reference": "2.0.2",
                "shasum": "4d83d67516a107b0110ca3473c8ef6c37464eddb"
            },
            "require": {
                "php": ">=5.3.3",
                "zendframework/zend-crypt": ">=2.0.0",
                "zendframework/zend-http": ">=2.0.0",
                "zendframework/zend-json": ">=2.0.0",
                "zendframework/zendrest": ">=2.0.0"
            },
            "require-dev": {
                "zendframework/zend-i18n": ">=2.0.0"
            },
            "suggest": {
                "zendframework/zend-uri": "Zend\\Uri component"
            },
            "type": "library",
            "extra": {
                "branch-alias": {
                    "dev-master": "2.0.x-dev"
                }
            },
            "autoload": {
                "psr-0": {
                    "ZendService": "library/"
                }
            },
            "license": [
                "BSD-3-Clause"
            ],
            "description": "OOP wrapper for the Amazon web service",
            "homepage": "http://packages.zendframework.com/",
            "keywords": [
                "amazon",
                "ec2",
                "s3",
                "simpledb",
                "sqs",
                "zf2"
            ],
            "support": {
                "source": "https://github.com/zendframework/ZendService_Amazon/tree/release-2.0.2",
                "issues": "https://github.com/zendframework/ZendService_Amazon/issues"
            },
            "time": "2012-10-17 19:02:58"
        }
    ],
    "packages-dev": [

    ],
    "aliases": [

    ],
    "minimum-stability": "stable",
    "stability-flags": {
        "johnwohlers/sip2": 20,
        "mobileesp/mdetect": 20,
        "serialssolutions/summon": 20
    },
    "platform": [

    ],
    "platform-dev": [

    ]
}
