{
  "name": "vufind-bootstrap5",
  "lockfileVersion": 3,
  "requires": true,
  "packages": {
    "": {
      "name": "vufind-bootstrap5",
      "dependencies": {
        "@popperjs/core": "2.11.8",
        "autocomplete.js": "vufind-org/autocomplete.js#v2.1.10",
        "bootstrap": "5.3.8",
        "chart.js": "^4.4.0",
        "jquery": "^3.7.1",
        "libphonenumber-js": "^1.12.10",
        "nouislider": "^15.8.1",
        "simple-keyboard": "^3.6.0",
        "simple-keyboard-layouts": "^3.0.0",
        "vanilla-cookieconsent": "3.1.0"
      }
    },
    "node_modules/@kurkle/color": {
      "version": "0.3.4",
      "resolved": "https://registry.npmjs.org/@kurkle/color/-/color-0.3.4.tgz",
      "integrity": "sha512-M5UknZPHRu3DEDWoipU6sE8PdkZ6Z/S+v4dD+Ke8IaNlpdSQah50lz1KtcFBa2vsdOnwbbnxJwVM4wty6udA5w=="
    },
    "node_modules/@popperjs/core": {
      "version": "2.11.8",
      "resolved": "https://registry.npmjs.org/@popperjs/core/-/core-2.11.8.tgz",
      "integrity": "sha512-P1st0aksCrn9sGZhp8GMYwBnQsbvAWsZAX44oXNNvLHGqAOcoVxmjZiohstwQ7SqKnbR47akdNi+uleWD8+g6A==",
      "funding": {
        "type": "opencollective",
        "url": "https://opencollective.com/popperjs"
      }
    },
    "node_modules/autocomplete.js": {
      "version": "2.1.7",
      "resolved": "git+ssh://git@github.com/vufind-org/autocomplete.js.git#a0af4f0dda185f63dbe2c6b1d9e7573704814e3b"
    },
    "node_modules/bootstrap": {
      "version": "5.3.8",
      "resolved": "https://registry.npmjs.org/bootstrap/-/bootstrap-5.3.8.tgz",
      "integrity": "sha512-HP1SZDqaLDPwsNiqRqi5NcP0SSXciX2s9E+RyqJIIqGo+vJeN5AJVM98CXmW/Wux0nQ5L7jeWUdplCEf0Ee+tg==",
      "funding": [
        {
          "type": "github",
          "url": "https://github.com/sponsors/twbs"
        },
        {
          "type": "opencollective",
          "url": "https://opencollective.com/bootstrap"
        }
      ],
      "peerDependencies": {
        "@popperjs/core": "^2.11.8"
      }
    },
    "node_modules/chart.js": {
      "version": "4.5.1",
      "resolved": "https://registry.npmjs.org/chart.js/-/chart.js-4.5.1.tgz",
      "integrity": "sha512-GIjfiT9dbmHRiYi6Nl2yFCq7kkwdkp1W/lp2J99rX0yo9tgJGn3lKQATztIjb5tVtevcBtIdICNWqlq5+E8/Pw==",
      "dependencies": {
        "@kurkle/color": "^0.3.0"
      },
      "engines": {
        "pnpm": ">=8"
      }
    },
    "node_modules/jquery": {
      "version": "3.7.1",
      "resolved": "https://registry.npmjs.org/jquery/-/jquery-3.7.1.tgz",
      "integrity": "sha512-m4avr8yL8kmFN8psrbFFFmB/If14iN5o9nw/NgnnM+kybDJpRsAynV2BsfpTYrTRysYUdADVD7CkUUizgkpLfg=="
    },
    "node_modules/libphonenumber-js": {
      "version": "1.12.26",
      "resolved": "https://registry.npmjs.org/libphonenumber-js/-/libphonenumber-js-1.12.26.tgz",
      "integrity": "sha512-MagMOuqEXB2Pa90cWE+BoCmcKJx+de5uBIicaUkQ+uiEslZ0OBMNOkSZT/36syXNHu68UeayTxPm3DYM2IHoLQ=="
    },
    "node_modules/nouislider": {
      "version": "15.8.1",
      "resolved": "https://registry.npmjs.org/nouislider/-/nouislider-15.8.1.tgz",
      "integrity": "sha512-93TweAi8kqntHJSPiSWQ1o/uZ29VWOmal9YKb6KKGGlCkugaNfAupT7o1qTHqdJvNQ7S0su5rO6qRFCjP8fxtw=="
    },
    "node_modules/simple-keyboard": {
      "version": "3.8.89",
      "resolved": "https://registry.npmjs.org/simple-keyboard/-/simple-keyboard-3.8.89.tgz",
      "integrity": "sha512-SrGZZuxNOobkm9Wk7eg69QPav5LMJ/JNp8aG40hujTGIjH7WqdwESMSydbxm+YkNYoK0x2ZLcd1W3Z/ur+hx6w=="
    },
    "node_modules/simple-keyboard-layouts": {
      "version": "3.4.140",
      "resolved": "https://registry.npmjs.org/simple-keyboard-layouts/-/simple-keyboard-layouts-3.4.140.tgz",
      "integrity": "sha512-pFCBe35Jvuxdm+k9mTFtC4QETJSLdZ2Q8Jrgg1riPjbaPwNAxhndEaMnqMFakYp6XF+MQjHvpXyiBsdAPwG5Tg=="
    },
    "node_modules/vanilla-cookieconsent": {
      "version": "3.1.0",
      "resolved": "https://registry.npmjs.org/vanilla-cookieconsent/-/vanilla-cookieconsent-3.1.0.tgz",
      "integrity": "sha512-/McNRtm/3IXzb9dhqMIcbquoU45SzbN2VB+To4jxEPqMmp7uVniP6BhGLjU8MC7ZCDsNQVOp27fhQTM/ruIXAA=="
    }
  }
}
