{
  "name": "vufind-bootstrap5",
  "lockfileVersion": 2,
  "requires": true,
  "packages": {
    "": {
      "name": "vufind-bootstrap5",
      "dependencies": {
        "@popperjs/core": "2.11.8",
        "autocomplete.js": "vufind-org/autocomplete.js#v2.1.10",
        "bootstrap": "5.3.3",
        "chart.js": "^4.4.0",
        "jquery": "^3.7.1",
        "libphonenumber-js": "^1.12.10",
        "nouislider": "^15.8.1",
        "simple-keyboard": "^3.6.0",
        "simple-keyboard-layouts": "^3.0.0",
        "vanilla-cookieconsent": "3.0.0"
      }
    },
    "node_modules/@kurkle/color": {
      "version": "0.3.4",
      "resolved": "https://registry.npmjs.org/@kurkle/color/-/color-0.3.4.tgz",
      "integrity": "sha512-M5UknZPHRu3DEDWoipU6sE8PdkZ6Z/S+v4dD+Ke8IaNlpdSQah50lz1KtcFBa2vsdOnwbbnxJwVM4wty6udA5w=="
    },
    "node_modules/@popperjs/core": {
      "version": "2.11.8",
      "resolved": "https://registry.npmjs.org/@popperjs/core/-/core-2.11.8.tgz",
      "integrity": "sha512-P1st0aksCrn9sGZhp8GMYwBnQsbvAWsZAX44oXNNvLHGqAOcoVxmjZiohstwQ7SqKnbR47akdNi+uleWD8+g6A==",
      "funding": {
        "type": "opencollective",
        "url": "https://opencollective.com/popperjs"
      }
    },
    "node_modules/autocomplete.js": {
      "version": "2.1.7",
      "resolved": "git+ssh://git@github.com/vufind-org/autocomplete.js.git#a0af4f0dda185f63dbe2c6b1d9e7573704814e3b"
    },
    "node_modules/bootstrap": {
      "version": "5.3.3",
      "resolved": "https://registry.npmjs.org/bootstrap/-/bootstrap-5.3.3.tgz",
      "integrity": "sha512-8HLCdWgyoMguSO9o+aH+iuZ+aht+mzW0u3HIMzVu7Srrpv7EBBxTnrFlSCskwdY1+EOFQSm7uMJhNQHkdPcmjg==",
      "funding": [
        {
          "type": "github",
          "url": "https://github.com/sponsors/twbs"
        },
        {
          "type": "opencollective",
          "url": "https://opencollective.com/bootstrap"
        }
      ],
      "peerDependencies": {
        "@popperjs/core": "^2.11.8"
      }
    },
    "node_modules/chart.js": {
      "version": "4.4.9",
      "resolved": "https://registry.npmjs.org/chart.js/-/chart.js-4.4.9.tgz",
      "integrity": "sha512-EyZ9wWKgpAU0fLJ43YAEIF8sr5F2W3LqbS40ZJyHIner2lY14ufqv2VMp69MAiZ2rpwxEUxEhIH/0U3xyRynxg==",
      "dependencies": {
        "@kurkle/color": "^0.3.0"
      },
      "engines": {
        "pnpm": ">=8"
      }
    },
    "node_modules/jquery": {
      "version": "3.7.1",
      "resolved": "https://registry.npmjs.org/jquery/-/jquery-3.7.1.tgz",
      "integrity": "sha512-m4avr8yL8kmFN8psrbFFFmB/If14iN5o9nw/NgnnM+kybDJpRsAynV2BsfpTYrTRysYUdADVD7CkUUizgkpLfg=="
    },
    "node_modules/libphonenumber-js": {
      "version": "1.12.10",
      "resolved": "https://registry.npmjs.org/libphonenumber-js/-/libphonenumber-js-1.12.10.tgz",
      "integrity": "sha512-E91vHJD61jekHHR/RF/E83T/CMoaLXT7cwYA75T4gim4FZjnM6hbJjVIGg7chqlSqRsSvQ3izGmOjHy1SQzcGQ=="
    },
    "node_modules/nouislider": {
      "version": "15.8.1",
      "resolved": "https://registry.npmjs.org/nouislider/-/nouislider-15.8.1.tgz",
      "integrity": "sha512-93TweAi8kqntHJSPiSWQ1o/uZ29VWOmal9YKb6KKGGlCkugaNfAupT7o1qTHqdJvNQ7S0su5rO6qRFCjP8fxtw=="
    },
    "node_modules/simple-keyboard": {
      "version": "3.8.53",
      "resolved": "https://registry.npmjs.org/simple-keyboard/-/simple-keyboard-3.8.53.tgz",
      "integrity": "sha512-0uQm6G/XMF7/Bsj1zWA41fmOlKetw5Vxo60iA4C2pSeCZJSGhVVelaQy1prOyfjpM8/RpA/LHh4v+pEUUGdvUw=="
    },
    "node_modules/simple-keyboard-layouts": {
      "version": "3.4.86",
      "resolved": "https://registry.npmjs.org/simple-keyboard-layouts/-/simple-keyboard-layouts-3.4.86.tgz",
      "integrity": "sha512-0PFRuSnnqtDOHbSdIRBZSaQPD04112FxlbjXu4fEkdOKIXK/SOHA4vLmXx71q23oGHIRuE7rtx4ry2VBHPQyqQ=="
    },
    "node_modules/vanilla-cookieconsent": {
      "version": "3.0.0",
      "resolved": "https://registry.npmjs.org/vanilla-cookieconsent/-/vanilla-cookieconsent-3.0.0.tgz",
      "integrity": "sha512-oeK7FivRDb424mt3/UT8DG98Pu5m6Uuye7JsdzO6HnYkstW5QHXhkslXyUpE3phtKz3NEeIo7hzLUtfRNRMfbQ=="
    }
  },
  "dependencies": {
    "@kurkle/color": {
      "version": "0.3.4",
      "resolved": "https://registry.npmjs.org/@kurkle/color/-/color-0.3.4.tgz",
      "integrity": "sha512-M5UknZPHRu3DEDWoipU6sE8PdkZ6Z/S+v4dD+Ke8IaNlpdSQah50lz1KtcFBa2vsdOnwbbnxJwVM4wty6udA5w=="
    },
    "@popperjs/core": {
      "version": "2.11.8",
      "resolved": "https://registry.npmjs.org/@popperjs/core/-/core-2.11.8.tgz",
      "integrity": "sha512-P1st0aksCrn9sGZhp8GMYwBnQsbvAWsZAX44oXNNvLHGqAOcoVxmjZiohstwQ7SqKnbR47akdNi+uleWD8+g6A=="
    },
    "autocomplete.js": {
      "version": "git+ssh://git@github.com/vufind-org/autocomplete.js.git#a0af4f0dda185f63dbe2c6b1d9e7573704814e3b",
      "from": "autocomplete.js@vufind-org/autocomplete.js#v2.1.10"
    },
    "bootstrap": {
      "version": "5.3.3",
      "resolved": "https://registry.npmjs.org/bootstrap/-/bootstrap-5.3.3.tgz",
      "integrity": "sha512-8HLCdWgyoMguSO9o+aH+iuZ+aht+mzW0u3HIMzVu7Srrpv7EBBxTnrFlSCskwdY1+EOFQSm7uMJhNQHkdPcmjg==",
      "requires": {}
    },
    "chart.js": {
      "version": "4.4.9",
      "resolved": "https://registry.npmjs.org/chart.js/-/chart.js-4.4.9.tgz",
      "integrity": "sha512-EyZ9wWKgpAU0fLJ43YAEIF8sr5F2W3LqbS40ZJyHIner2lY14ufqv2VMp69MAiZ2rpwxEUxEhIH/0U3xyRynxg==",
      "requires": {
        "@kurkle/color": "^0.3.0"
      }
    },
    "jquery": {
      "version": "3.7.1",
      "resolved": "https://registry.npmjs.org/jquery/-/jquery-3.7.1.tgz",
      "integrity": "sha512-m4avr8yL8kmFN8psrbFFFmB/If14iN5o9nw/NgnnM+kybDJpRsAynV2BsfpTYrTRysYUdADVD7CkUUizgkpLfg=="
    },
    "libphonenumber-js": {
      "version": "1.12.10",
      "resolved": "https://registry.npmjs.org/libphonenumber-js/-/libphonenumber-js-1.12.10.tgz",
      "integrity": "sha512-E91vHJD61jekHHR/RF/E83T/CMoaLXT7cwYA75T4gim4FZjnM6hbJjVIGg7chqlSqRsSvQ3izGmOjHy1SQzcGQ=="
    },
    "nouislider": {
      "version": "15.8.1",
      "resolved": "https://registry.npmjs.org/nouislider/-/nouislider-15.8.1.tgz",
      "integrity": "sha512-93TweAi8kqntHJSPiSWQ1o/uZ29VWOmal9YKb6KKGGlCkugaNfAupT7o1qTHqdJvNQ7S0su5rO6qRFCjP8fxtw=="
    },
    "simple-keyboard": {
      "version": "3.8.53",
      "resolved": "https://registry.npmjs.org/simple-keyboard/-/simple-keyboard-3.8.53.tgz",
      "integrity": "sha512-0uQm6G/XMF7/Bsj1zWA41fmOlKetw5Vxo60iA4C2pSeCZJSGhVVelaQy1prOyfjpM8/RpA/LHh4v+pEUUGdvUw=="
    },
    "simple-keyboard-layouts": {
      "version": "3.4.86",
      "resolved": "https://registry.npmjs.org/simple-keyboard-layouts/-/simple-keyboard-layouts-3.4.86.tgz",
      "integrity": "sha512-0PFRuSnnqtDOHbSdIRBZSaQPD04112FxlbjXu4fEkdOKIXK/SOHA4vLmXx71q23oGHIRuE7rtx4ry2VBHPQyqQ=="
    },
    "vanilla-cookieconsent": {
      "version": "3.0.0",
      "resolved": "https://registry.npmjs.org/vanilla-cookieconsent/-/vanilla-cookieconsent-3.0.0.tgz",
      "integrity": "sha512-oeK7FivRDb424mt3/UT8DG98Pu5m6Uuye7JsdzO6HnYkstW5QHXhkslXyUpE3phtKz3NEeIo7hzLUtfRNRMfbQ=="
    }
  }
}
